
Microsoft Visual Studio Solution File, Format Version 12.00
# Visual Studio Version 16
VisualStudioVersion = 16.0.31729.503
MinimumVisualStudioVersion = 10.0.40219.1
Project("{FAE04EC0-301F-11D3-BF4B-00C04F79EFBC}") = "ÖdevStokTakip", "ÖdevStokTakip\ÖdevStokTakip.csproj", "{4E6D5292-8779-48CC-A9F6-670E96753F9B}"
EndProject
Global
	GlobalSection(SolutionConfigurationPlatforms) = preSolution
		Debug|Any CPU = Debug|Any CPU
		Release|Any CPU = Release|Any CPU
	EndGlobalSection
	GlobalSection(ProjectConfigurationPlatforms) = postSolution
		{4E6D5292-8779-48CC-A9F6-670E96753F9B}.Debug|Any CPU.ActiveCfg = Debug|Any CPU
		{4E6D5292-8779-48CC-A9F6-670E96753F9B}.Debug|Any CPU.Build.0 = Debug|Any CPU
		{4E6D5292-8779-48CC-A9F6-670E96753F9B}.Release|Any CPU.ActiveCfg = Release|Any CPU
		{4E6D5292-8779-48CC-A9F6-670E96753F9B}.Release|Any CPU.Build.0 = Release|Any CPU
	EndGlobalSection
	GlobalSection(SolutionProperties) = preSolution
		HideSolutionNode = FALSE
	EndGlobalSection
	GlobalSection(ExtensibilityGlobals) = postSolution
		SolutionGuid = {7D74B019-EC0C-486E-80A3-A4ECA3A4D046}
	EndGlobalSection
EndGlobal
